
Microsoft Visual Studio Solution File, Format Version 12.00
# Visual Studio Version 17
VisualStudioVersion = 17.5.33424.131
MinimumVisualStudioVersion = 10.0.40219.1
Project("{FAE04EC0-301F-11D3-BF4B-00C04F79EFBC}") = "LogicalProgramming", "LogicalProgramming\LogicalProgramming.csproj", "{57DE6114-B01D-445D-8564-642A6C1D8BCF}"
EndProject
Global
	GlobalSection(SolutionConfigurationPlatforms) = preSolution
		Debug|Any CPU = Debug|Any CPU
		Release|Any CPU = Release|Any CPU
	EndGlobalSection
	GlobalSection(ProjectConfigurationPlatforms) = postSolution
		{57DE6114-B01D-445D-8564-642A6C1D8BCF}.Debug|Any CPU.ActiveCfg = Debug|Any CPU
		{57DE6114-B01D-445D-8564-642A6C1D8BCF}.Debug|Any CPU.Build.0 = Debug|Any CPU
		{57DE6114-B01D-445D-8564-642A6C1D8BCF}.Release|Any CPU.ActiveCfg = Release|Any CPU
		{57DE6114-B01D-445D-8564-642A6C1D8BCF}.Release|Any CPU.Build.0 = Release|Any CPU
	EndGlobalSection
	GlobalSection(SolutionProperties) = preSolution
		HideSolutionNode = FALSE
	EndGlobalSection
	GlobalSection(ExtensibilityGlobals) = postSolution
		SolutionGuid = {D2612411-1AE4-4D27-94DB-EB788848C001}
	EndGlobalSection
EndGlobal
